
Microsoft Visual Studio Solution File, Format Version 12.00
# Visual Studio Version 17
VisualStudioVersion = 17.12.35728.132 d17.12
MinimumVisualStudioVersion = 10.0.40219.1
Project("{FAE04EC0-301F-11D3-BF4B-00C04F79EFBC}") = "Demo", "Demo\Demo.csproj", "{AFD318EC-CCE0-4203-A738-38CC80903516}"
EndProject
Project("{9A19103F-16F7-4668-BE54-9A1E7A4F7556}") = "ThrottleDebounce", "ThrottleDebounce\ThrottleDebounce.csproj", "{0B82F05B-FA5D-4834-A662-664404B541B6}"
EndProject
Project("{9A19103F-16F7-4668-BE54-9A1E7A4F7556}") = "Tests", "Tests\Tests.csproj", "{A6CEC2E4-99EB-465A-AAED-79CB0ED2DE1F}"
EndProject
Project("{FAE04EC0-301F-11D3-BF4B-00C04F79EFBC}") = "OverloadGenerator", "OverloadGenerator\OverloadGenerator.csproj", "{95685E7C-B315-499D-8F12-B611C9186D5D}"
EndProject
Global
	GlobalSection(SolutionConfigurationPlatforms) = preSolution
		Debug|Any CPU = Debug|Any CPU
		Release|Any CPU = Release|Any CPU
	EndGlobalSection
	GlobalSection(ProjectConfigurationPlatforms) = postSolution
		{AFD318EC-CCE0-4203-A738-38CC80903516}.Debug|Any CPU.ActiveCfg = Debug|Any CPU
		{AFD318EC-CCE0-4203-A738-38CC80903516}.Debug|Any CPU.Build.0 = Debug|Any CPU
		{AFD318EC-CCE0-4203-A738-38CC80903516}.Release|Any CPU.ActiveCfg = Release|Any CPU
		{AFD318EC-CCE0-4203-A738-38CC80903516}.Release|Any CPU.Build.0 = Release|Any CPU
		{0B82F05B-FA5D-4834-A662-664404B541B6}.Debug|Any CPU.ActiveCfg = Debug|Any CPU
		{0B82F05B-FA5D-4834-A662-664404B541B6}.Debug|Any CPU.Build.0 = Debug|Any CPU
		{0B82F05B-FA5D-4834-A662-664404B541B6}.Release|Any CPU.ActiveCfg = Release|Any CPU
		{0B82F05B-FA5D-4834-A662-664404B541B6}.Release|Any CPU.Build.0 = Release|Any CPU
		{A6CEC2E4-99EB-465A-AAED-79CB0ED2DE1F}.Debug|Any CPU.ActiveCfg = Debug|Any CPU
		{A6CEC2E4-99EB-465A-AAED-79CB0ED2DE1F}.Debug|Any CPU.Build.0 = Debug|Any CPU
		{A6CEC2E4-99EB-465A-AAED-79CB0ED2DE1F}.Release|Any CPU.ActiveCfg = Release|Any CPU
		{A6CEC2E4-99EB-465A-AAED-79CB0ED2DE1F}.Release|Any CPU.Build.0 = Release|Any CPU
		{95685E7C-B315-499D-8F12-B611C9186D5D}.Debug|Any CPU.ActiveCfg = Debug|Any CPU
		{95685E7C-B315-499D-8F12-B611C9186D5D}.Debug|Any CPU.Build.0 = Debug|Any CPU
		{95685E7C-B315-499D-8F12-B611C9186D5D}.Release|Any CPU.ActiveCfg = Release|Any CPU
		{95685E7C-B315-499D-8F12-B611C9186D5D}.Release|Any CPU.Build.0 = Release|Any CPU
	EndGlobalSection
	GlobalSection(SolutionProperties) = preSolution
		HideSolutionNode = FALSE
	EndGlobalSection
	GlobalSection(ExtensibilityGlobals) = postSolution
		SolutionGuid = {DEA3D625-E17B-41AD-9505-1A33A07BC488}
	EndGlobalSection
EndGlobal
