
Microsoft Visual Studio Solution File, Format Version 12.00
# Visual Studio 15
VisualStudioVersion = 15.0.28010.2036
MinimumVisualStudioVersion = 10.0.40219.1
Project("{FAE04EC0-301F-11D3-BF4B-00C04F79EFBC}") = "Demo", "Demo\Demo.csproj", "{AFD318EC-CCE0-4203-A738-38CC80903516}"
EndProject
Project("{FAE04EC0-301F-11D3-BF4B-00C04F79EFBC}") = "ThrottleDebounce", "ThrottleDebounce\ThrottleDebounce.csproj", "{0B82F05B-FA5D-4834-A662-664404B541B6}"
EndProject
Global
	GlobalSection(SolutionConfigurationPlatforms) = preSolution
		Debug|Any CPU = Debug|Any CPU
		Release|Any CPU = Release|Any CPU
	EndGlobalSection
	GlobalSection(ProjectConfigurationPlatforms) = postSolution
		{AFD318EC-CCE0-4203-A738-38CC80903516}.Debug|Any CPU.ActiveCfg = Debug|Any CPU
		{AFD318EC-CCE0-4203-A738-38CC80903516}.Debug|Any CPU.Build.0 = Debug|Any CPU
		{AFD318EC-CCE0-4203-A738-38CC80903516}.Release|Any CPU.ActiveCfg = Release|Any CPU
		{AFD318EC-CCE0-4203-A738-38CC80903516}.Release|Any CPU.Build.0 = Release|Any CPU
		{0B82F05B-FA5D-4834-A662-664404B541B6}.Debug|Any CPU.ActiveCfg = Debug|Any CPU
		{0B82F05B-FA5D-4834-A662-664404B541B6}.Debug|Any CPU.Build.0 = Debug|Any CPU
		{0B82F05B-FA5D-4834-A662-664404B541B6}.Release|Any CPU.ActiveCfg = Release|Any CPU
		{0B82F05B-FA5D-4834-A662-664404B541B6}.Release|Any CPU.Build.0 = Release|Any CPU
	EndGlobalSection
	GlobalSection(SolutionProperties) = preSolution
		HideSolutionNode = FALSE
	EndGlobalSection
	GlobalSection(ExtensibilityGlobals) = postSolution
		SolutionGuid = {DEA3D625-E17B-41AD-9505-1A33A07BC488}
	EndGlobalSection
EndGlobal
